github.com/CaiJimmy/hugo-theme-prism v1.0.1 h1:hY8V07IHxvd+wHlRjIhwBofvooeG9wECSxdOTOUM9FE=
github.com/CaiJimmy/hugo-theme-prism v1.0.1/go.mod h1:YwhyBYnjRsX2TyQnlCTSa6XONvdvnQGYa8yBmU3M9sY=
github.com/CaiJimmy/hugo-theme-prism v1.1.1 h1:KD2i4Mpc+iKKsBfWR9useCgYHvjs1MoYsFEo601dZok=
github.com/CaiJimmy/hugo-theme-prism v1.1.1/go.mod h1:YwhyBYnjRsX2TyQnlCTSa6XONvdvnQGYa8yBmU3M9sY=
